{
	"name": "vshaxe-eval-debug",
	"version": "0.0.1",
	"lockfileVersion": 1,
	"requires": true,
	"dependencies": {
		"vscode-debugadapter": {
			"version": "1.28.0",
			"resolved": "https://registry.npmjs.org/vscode-debugadapter/-/vscode-debugadapter-1.28.0.tgz",
			"integrity": "sha512-GCR1326LFtfYjl7SDN1wmU2pBJ98HgUCnbWoU3s3bz0GhUWYN1xSYGg7MfuwxY6WwZk2cuqzANhy/oaKADMXaw==",
			"requires": {
				"vscode-debugprotocol": "1.28.0",
				"vscode-uri": "1.0.1"
			}
		},
		"vscode-debugprotocol": {
			"version": "1.28.0",
			"resolved": "https://registry.npmjs.org/vscode-debugprotocol/-/vscode-debugprotocol-1.28.0.tgz",
			"integrity": "sha512-QM4J8A13jBY9I7OPWXN0ZO1cqydnD4co2j/O81jIj6em8VkmJT4VyJQkq4HmwJe3af+u9+7IYCIEDrowgvKxTA=="
		},
		"vscode-uri": {
			"version": "1.0.1",
			"resolved": "https://registry.npmjs.org/vscode-uri/-/vscode-uri-1.0.1.tgz",
			"integrity": "sha1-Eahr7+rDxKo+wIYjZRo8gabQu8g="
		}
	}
}
