{
	"name": "haxe-eval-debugger",
	"version": "0.0.1",
	"lockfileVersion": 2,
	"requires": true,
	"packages": {
		"": {
			"name": "haxe-eval-debugger",
			"version": "0.0.1",
			"hasInstallScript": true,
			"dependencies": {
				"vscode-debugadapter": "1.41.1",
				"vscode-debugprotocol": "1.41.0"
			},
			"devDependencies": {
				"@vercel/ncc": "^0.33.4",
				"lix": "^15.12.0"
			},
			"engines": {
				"node": "^14.19.2"
			}
		},
		"node_modules/@vercel/ncc": {
			"version": "0.33.4",
			"resolved": "https://registry.npmjs.org/@vercel/ncc/-/ncc-0.33.4.tgz",
			"integrity": "sha512-ln18hs7dMffelP47tpkaR+V5Tj6coykNyxJrlcmCormPqRQjB/Gv4cu2FfBG+PMzIfdZp2CLDsrrB1NPU22Qhg==",
			"dev": true,
			"bin": {
				"ncc": "dist/ncc/cli.js"
			}
		},
		"node_modules/lix": {
			"version": "15.12.0",
			"resolved": "https://registry.npmjs.org/lix/-/lix-15.12.0.tgz",
			"integrity": "sha512-FA36oCl+M+3Of8L4eErXw7tAHGOjqEC4IgEvH6oPDsiYd4yN6XpzZGcbLuIyu4PiztjOrr1TKJnpwi32qb2ddw==",
			"dev": true,
			"hasInstallScript": true,
			"bin": {
				"haxe": "bin/haxeshim.js",
				"haxelib": "bin/haxelibshim.js",
				"lix": "bin/lix.js",
				"neko": "bin/nekoshim.js"
			}
		},
		"node_modules/mkdirp": {
			"version": "1.0.4",
			"resolved": "https://registry.npmjs.org/mkdirp/-/mkdirp-1.0.4.tgz",
			"integrity": "sha512-vVqVZQyf3WLx2Shd0qJ9xuvqgAyKPLAiqITEtqW0oIUjzo3PePDd6fW9iFz30ef7Ysp/oiWqbhszeGWW2T6Gzw==",
			"bin": {
				"mkdirp": "bin/cmd.js"
			},
			"engines": {
				"node": ">=10"
			}
		},
		"node_modules/vscode-debugadapter": {
			"version": "1.41.1",
			"resolved": "https://registry.npmjs.org/vscode-debugadapter/-/vscode-debugadapter-1.41.1.tgz",
			"integrity": "sha512-GTgbYEmfKlkAAad+7Lv1Hr7FvCzU8BEaYbEaq2/JSkG40GOaAM1ZqIX2gtxjVSk+ClWgDAb8PqQnUyxV+hGqiA==",
			"deprecated": "This package has been renamed to @vscode/debugadapter, please update to the new name",
			"dependencies": {
				"mkdirp": "^1.0.4",
				"vscode-debugprotocol": "1.41.0"
			}
		},
		"node_modules/vscode-debugprotocol": {
			"version": "1.41.0",
			"resolved": "https://registry.npmjs.org/vscode-debugprotocol/-/vscode-debugprotocol-1.41.0.tgz",
			"integrity": "sha512-Sxp7kDDuhpEZiDaIfhM0jLF3RtMqvc6CpoESANE77t351uezsd/oDoqALLcOnmmsDzTgQ3W0sCvM4gErnjDFpA==",
			"deprecated": "This package has been renamed to @vscode/debugprotocol, please update to the new name"
		}
	},
	"dependencies": {
		"@vercel/ncc": {
			"version": "0.33.4",
			"resolved": "https://registry.npmjs.org/@vercel/ncc/-/ncc-0.33.4.tgz",
			"integrity": "sha512-ln18hs7dMffelP47tpkaR+V5Tj6coykNyxJrlcmCormPqRQjB/Gv4cu2FfBG+PMzIfdZp2CLDsrrB1NPU22Qhg==",
			"dev": true
		},
		"lix": {
			"version": "15.12.0",
			"resolved": "https://registry.npmjs.org/lix/-/lix-15.12.0.tgz",
			"integrity": "sha512-FA36oCl+M+3Of8L4eErXw7tAHGOjqEC4IgEvH6oPDsiYd4yN6XpzZGcbLuIyu4PiztjOrr1TKJnpwi32qb2ddw==",
			"dev": true
		},
		"mkdirp": {
			"version": "1.0.4",
			"resolved": "https://registry.npmjs.org/mkdirp/-/mkdirp-1.0.4.tgz",
			"integrity": "sha512-vVqVZQyf3WLx2Shd0qJ9xuvqgAyKPLAiqITEtqW0oIUjzo3PePDd6fW9iFz30ef7Ysp/oiWqbhszeGWW2T6Gzw=="
		},
		"vscode-debugadapter": {
			"version": "1.41.1",
			"resolved": "https://registry.npmjs.org/vscode-debugadapter/-/vscode-debugadapter-1.41.1.tgz",
			"integrity": "sha512-GTgbYEmfKlkAAad+7Lv1Hr7FvCzU8BEaYbEaq2/JSkG40GOaAM1ZqIX2gtxjVSk+ClWgDAb8PqQnUyxV+hGqiA==",
			"requires": {
				"mkdirp": "^1.0.4",
				"vscode-debugprotocol": "1.41.0"
			}
		},
		"vscode-debugprotocol": {
			"version": "1.41.0",
			"resolved": "https://registry.npmjs.org/vscode-debugprotocol/-/vscode-debugprotocol-1.41.0.tgz",
			"integrity": "sha512-Sxp7kDDuhpEZiDaIfhM0jLF3RtMqvc6CpoESANE77t351uezsd/oDoqALLcOnmmsDzTgQ3W0sCvM4gErnjDFpA=="
		}
	}
}
